// !$*UTF8*$!
{
	archiveVersion = 1;
	classes = {
	};
	objectVersion = 55;
	objects = {

/* Begin PBXBuildFile section */
		CD1121B628C614AC002940A6 /* RESTAPIManager.swift in Sources */ = {isa = PBXBuildFile; fileRef = CD1121B528C614AC002940A6 /* RESTAPIManager.swift */; };
		CD1121B828C61580002940A6 /* SwiftyJSON.swift in Sources */ = {isa = PBXBuildFile; fileRef = CD1121B728C61580002940A6 /* SwiftyJSON.swift */; };
		CD70B76428C2220800184B08 /* AppDelegate.swift in Sources */ = {isa = PBXBuildFile; fileRef = CD70B76328C2220800184B08 /* AppDelegate.swift */; };
		CD70B76628C2220800184B08 /* SceneDelegate.swift in Sources */ = {isa = PBXBuildFile; fileRef = CD70B76528C2220800184B08 /* SceneDelegate.swift */; };
		CD70B76828C2220800184B08 /* ViewController.swift in Sources */ = {isa = PBXBuildFile; fileRef = CD70B76728C2220800184B08 /* ViewController.swift */; };
		CD70B76B28C2220800184B08 /* Main.storyboard in Resources */ = {isa = PBXBuildFile; fileRef = CD70B76928C2220800184B08 /* Main.storyboard */; };
		CD70B76D28C2220900184B08 /* Assets.xcassets in Resources */ = {isa = PBXBuildFile; fileRef = CD70B76C28C2220900184B08 /* Assets.xcassets */; };
		CD70B77028C2220900184B08 /* LaunchScreen.storyboard in Resources */ = {isa = PBXBuildFile; fileRef = CD70B76E28C2220900184B08 /* LaunchScreen.storyboard */; };
		CD70B77B28C2220900184B08 /* AnnnuaireInterneTests.swift in Sources */ = {isa = PBXBuildFile; fileRef = CD70B77A28C2220900184B08 /* AnnnuaireInterneTests.swift */; };
		CD70B78528C2220900184B08 /* AnnnuaireInterneUITests.swift in Sources */ = {isa = PBXBuildFile; fileRef = CD70B78428C2220900184B08 /* AnnnuaireInterneUITests.swift */; };
		CD70B78728C2220900184B08 /* AnnnuaireInterneUITestsLaunchTests.swift in Sources */ = {isa = PBXBuildFile; fileRef = CD70B78628C2220900184B08 /* AnnnuaireInterneUITestsLaunchTests.swift */; };
		CD70B79428C2226100184B08 /* recaptcha.html in Resources */ = {isa = PBXBuildFile; fileRef = CD70B79328C2226100184B08 /* recaptcha.html */; };
		CD70B79628C2227D00184B08 /* ReCAPTCHAViewModel.swift in Sources */ = {isa = PBXBuildFile; fileRef = CD70B79528C2227D00184B08 /* ReCAPTCHAViewModel.swift */; };
		CD70B79828C222A400184B08 /* ReCAPTCHAViewController.swift in Sources */ = {isa = PBXBuildFile; fileRef = CD70B79728C222A400184B08 /* ReCAPTCHAViewController.swift */; };
		CD7D9FFC28C8AEB700FE7DA4 /* accueil.png in Resources */ = {isa = PBXBuildFile; fileRef = CD7D9FFB28C8AEB600FE7DA4 /* accueil.png */; };
/* End PBXBuildFile section */

/* Begin PBXContainerItemProxy section */
		CD70B77728C2220900184B08 /* PBXContainerItemProxy */ = {
			isa = PBXContainerItemProxy;
			containerPortal = CD70B75828C2220800184B08 /* Project object */;
			proxyType = 1;
			remoteGlobalIDString = CD70B75F28C2220800184B08;
			remoteInfo = AnnnuaireInterne;
		};
		CD70B78128C2220900184B08 /* PBXContainerItemProxy */ = {
			isa = PBXContainerItemProxy;
			containerPortal = CD70B75828C2220800184B08 /* Project object */;
			proxyType = 1;
			remoteGlobalIDString = CD70B75F28C2220800184B08;
			remoteInfo = AnnnuaireInterne;
		};
/* End PBXContainerItemProxy section */

/* Begin PBXFileReference section */
		CD1121B528C614AC002940A6 /* RESTAPIManager.swift */ = {isa = PBXFileReference; lastKnownFileType = sourcecode.swift; path = RESTAPIManager.swift; sourceTree = "<group>"; };
		CD1121B728C61580002940A6 /* SwiftyJSON.swift */ = {isa = PBXFileReference; lastKnownFileType = sourcecode.swift; path = SwiftyJSON.swift; sourceTree = "<group>"; };
		CD70B76028C2220800184B08 /* AnnnuaireInterne.app */ = {isa = PBXFileReference; explicitFileType = wrapper.application; includeInIndex = 0; path = AnnnuaireInterne.app; sourceTree = BUILT_PRODUCTS_DIR; };
		CD70B76328C2220800184B08 /* AppDelegate.swift */ = {isa = PBXFileReference; lastKnownFileType = sourcecode.swift; path = AppDelegate.swift; sourceTree = "<group>"; };
		CD70B76528C2220800184B08 /* SceneDelegate.swift */ = {isa = PBXFileReference; lastKnownFileType = sourcecode.swift; path = SceneDelegate.swift; sourceTree = "<group>"; };
		CD70B76728C2220800184B08 /* ViewController.swift */ = {isa = PBXFileReference; lastKnownFileType = sourcecode.swift; path = ViewController.swift; sourceTree = "<group>"; };
		CD70B76A28C2220800184B08 /* Base */ = {isa = PBXFileReference; lastKnownFileType = file.storyboard; name = Base; path = Base.lproj/Main.storyboard; sourceTree = "<group>"; };
		CD70B76C28C2220900184B08 /* Assets.xcassets */ = {isa = PBXFileReference; lastKnownFileType = folder.assetcatalog; path = Assets.xcassets; sourceTree = "<group>"; };
		CD70B76F28C2220900184B08 /* Base */ = {isa = PBXFileReference; lastKnownFileType = file.storyboard; name = Base; path = Base.lproj/LaunchScreen.storyboard; sourceTree = "<group>"; };
		CD70B77128C2220900184B08 /* Info.plist */ = {isa = PBXFileReference; lastKnownFileType = text.plist.xml; path = Info.plist; sourceTree = "<group>"; };
		CD70B77628C2220900184B08 /* AnnnuaireInterneTests.xctest */ = {isa = PBXFileReference; explicitFileType = wrapper.cfbundle; includeInIndex = 0; path = AnnnuaireInterneTests.xctest; sourceTree = BUILT_PRODUCTS_DIR; };
		CD70B77A28C2220900184B08 /* AnnnuaireInterneTests.swift */ = {isa = PBXFileReference; lastKnownFileType = sourcecode.swift; path = AnnnuaireInterneTests.swift; sourceTree = "<group>"; };
		CD70B78028C2220900184B08 /* AnnnuaireInterneUITests.xctest */ = {isa = PBXFileReference; explicitFileType = wrapper.cfbundle; includeInIndex = 0; path = AnnnuaireInterneUITests.xctest; sourceTree = BUILT_PRODUCTS_DIR; };
		CD70B78428C2220900184B08 /* AnnnuaireInterneUITests.swift */ = {isa = PBXFileReference; lastKnownFileType = sourcecode.swift; path = AnnnuaireInterneUITests.swift; sourceTree = "<group>"; };
		CD70B78628C2220900184B08 /* AnnnuaireInterneUITestsLaunchTests.swift */ = {isa = PBXFileReference; lastKnownFileType = sourcecode.swift; path = AnnnuaireInterneUITestsLaunchTests.swift; sourceTree = "<group>"; };
		CD70B79328C2226100184B08 /* recaptcha.html */ = {isa = PBXFileReference; fileEncoding = 4; lastKnownFileType = text.html; path = recaptcha.html; sourceTree = "<group>"; };
		CD70B79528C2227D00184B08 /* ReCAPTCHAViewModel.swift */ = {isa = PBXFileReference; lastKnownFileType = sourcecode.swift; path = ReCAPTCHAViewModel.swift; sourceTree = "<group>"; };
		CD70B79728C222A400184B08 /* ReCAPTCHAViewController.swift */ = {isa = PBXFileReference; lastKnownFileType = sourcecode.swift; path = ReCAPTCHAViewController.swift; sourceTree = "<group>"; };
		CD7D9FFB28C8AEB600FE7DA4 /* accueil.png */ = {isa = PBXFileReference; lastKnownFileType = image.png; path = accueil.png; sourceTree = "<group>"; };
/* End PBXFileReference section */

/* Begin PBXFrameworksBuildPhase section */
		CD70B75D28C2220800184B08 /* Frameworks */ = {
			isa = PBXFrameworksBuildPhase;
			buildActionMask = 2147483647;
			files = (
			);
			runOnlyForDeploymentPostprocessing = 0;
		};
		CD70B77328C2220900184B08 /* Frameworks */ = {
			isa = PBXFrameworksBuildPhase;
			buildActionMask = 2147483647;
			files = (
			);
			runOnlyForDeploymentPostprocessing = 0;
		};
		CD70B77D28C2220900184B08 /* Frameworks */ = {
			isa = PBXFrameworksBuildPhase;
			buildActionMask = 2147483647;
			files = (
			);
			runOnlyForDeploymentPostprocessing = 0;
		};
/* End PBXFrameworksBuildPhase section */

/* Begin PBXGroup section */
		CD70B75728C2220800184B08 = {
			isa = PBXGroup;
			children = (
				CD70B76228C2220800184B08 /* AnnnuaireInterne */,
				CD70B77928C2220900184B08 /* AnnnuaireInterneTests */,
				CD70B78328C2220900184B08 /* AnnnuaireInterneUITests */,
				CD70B76128C2220800184B08 /* Products */,
			);
			sourceTree = "<group>";
		};
		CD70B76128C2220800184B08 /* Products */ = {
			isa = PBXGroup;
			children = (
				CD70B76028C2220800184B08 /* AnnnuaireInterne.app */,
				CD70B77628C2220900184B08 /* AnnnuaireInterneTests.xctest */,
				CD70B78028C2220900184B08 /* AnnnuaireInterneUITests.xctest */,
			);
			name = Products;
			sourceTree = "<group>";
		};
		CD70B76228C2220800184B08 /* AnnnuaireInterne */ = {
			isa = PBXGroup;
			children = (
				CD7D9FFB28C8AEB600FE7DA4 /* accueil.png */,
				CD70B79328C2226100184B08 /* recaptcha.html */,
				CD70B76328C2220800184B08 /* AppDelegate.swift */,
				CD70B76528C2220800184B08 /* SceneDelegate.swift */,
				CD70B76728C2220800184B08 /* ViewController.swift */,
				CD70B76928C2220800184B08 /* Main.storyboard */,
				CD70B76C28C2220900184B08 /* Assets.xcassets */,
				CD70B76E28C2220900184B08 /* LaunchScreen.storyboard */,
				CD70B77128C2220900184B08 /* Info.plist */,
				CD70B79528C2227D00184B08 /* ReCAPTCHAViewModel.swift */,
				CD70B79728C222A400184B08 /* ReCAPTCHAViewController.swift */,
				CD1121B528C614AC002940A6 /* RESTAPIManager.swift */,
				CD1121B728C61580002940A6 /* SwiftyJSON.swift */,
			);
			path = AnnnuaireInterne;
			sourceTree = "<group>";
		};
		CD70B77928C2220900184B08 /* AnnnuaireInterneTests */ = {
			isa = PBXGroup;
			children = (
				CD70B77A28C2220900184B08 /* AnnnuaireInterneTests.swift */,
			);
			path = AnnnuaireInterneTests;
			sourceTree = "<group>";
		};
		CD70B78328C2220900184B08 /* AnnnuaireInterneUITests */ = {
			isa = PBXGroup;
			children = (
				CD70B78428C2220900184B08 /* AnnnuaireInterneUITests.swift */,
				CD70B78628C2220900184B08 /* AnnnuaireInterneUITestsLaunchTests.swift */,
			);
			path = AnnnuaireInterneUITests;
			sourceTree = "<group>";
		};
/* End PBXGroup section */

/* Begin PBXNativeTarget section */
		CD70B75F28C2220800184B08 /* AnnnuaireInterne */ = {
			isa = PBXNativeTarget;
			buildConfigurationList = CD70B78A28C2220900184B08 /* Build configuration list for PBXNativeTarget "AnnnuaireInterne" */;
			buildPhases = (
				CD70B75C28C2220800184B08 /* Sources */,
				CD70B75D28C2220800184B08 /* Frameworks */,
				CD70B75E28C2220800184B08 /* Resources */,
			);
			buildRules = (
			);
			dependencies = (
			);
			name = AnnnuaireInterne;
			productName = AnnnuaireInterne;
			productReference = CD70B76028C2220800184B08 /* AnnnuaireInterne.app */;
			productType = "com.apple.product-type.application";
		};
		CD70B77528C2220900184B08 /* AnnnuaireInterneTests */ = {
			isa = PBXNativeTarget;
			buildConfigurationList = CD70B78D28C2220900184B08 /* Build configuration list for PBXNativeTarget "AnnnuaireInterneTests" */;
			buildPhases = (
				CD70B77228C2220900184B08 /* Sources */,
				CD70B77328C2220900184B08 /* Frameworks */,
				CD70B77428C2220900184B08 /* Resources */,
			);
			buildRules = (
			);
			dependencies = (
				CD70B77828C2220900184B08 /* PBXTargetDependency */,
			);
			name = AnnnuaireInterneTests;
			productName = AnnnuaireInterneTests;
			productReference = CD70B77628C2220900184B08 /* AnnnuaireInterneTests.xctest */;
			productType = "com.apple.product-type.bundle.unit-test";
		};
		CD70B77F28C2220900184B08 /* AnnnuaireInterneUITests */ = {
			isa = PBXNativeTarget;
			buildConfigurationList = CD70B79028C2220900184B08 /* Build configuration list for PBXNativeTarget "AnnnuaireInterneUITests" */;
			buildPhases = (
				CD70B77C28C2220900184B08 /* Sources */,
				CD70B77D28C2220900184B08 /* Frameworks */,
				CD70B77E28C2220900184B08 /* Resources */,
			);
			buildRules = (
			);
			dependencies = (
				CD70B78228C2220900184B08 /* PBXTargetDependency */,
			);
			name = AnnnuaireInterneUITests;
			productName = AnnnuaireInterneUITests;
			productReference = CD70B78028C2220900184B08 /* AnnnuaireInterneUITests.xctest */;
			productType = "com.apple.product-type.bundle.ui-testing";
		};
/* End PBXNativeTarget section */

/* Begin PBXProject section */
		CD70B75828C2220800184B08 /* Project object */ = {
			isa = PBXProject;
			attributes = {
				BuildIndependentTargetsInParallel = 1;
				LastSwiftUpdateCheck = 1320;
				LastUpgradeCheck = 1320;
				TargetAttributes = {
					CD70B75F28C2220800184B08 = {
						CreatedOnToolsVersion = 13.2.1;
					};
					CD70B77528C2220900184B08 = {
						CreatedOnToolsVersion = 13.2.1;
						TestTargetID = CD70B75F28C2220800184B08;
					};
					CD70B77F28C2220900184B08 = {
						CreatedOnToolsVersion = 13.2.1;
						TestTargetID = CD70B75F28C2220800184B08;
					};
				};
			};
			buildConfigurationList = CD70B75B28C2220800184B08 /* Build configuration list for PBXProject "AnnnuaireInterne" */;
			compatibilityVersion = "Xcode 13.0";
			developmentRegion = en;
			hasScannedForEncodings = 0;
			knownRegions = (
				en,
				Base,
			);
			mainGroup = CD70B75728C2220800184B08;
			productRefGroup = CD70B76128C2220800184B08 /* Products */;
			projectDirPath = "";
			projectRoot = "";
			targets = (
				CD70B75F28C2220800184B08 /* AnnnuaireInterne */,
				CD70B77528C2220900184B08 /* AnnnuaireInterneTests */,
				CD70B77F28C2220900184B08 /* AnnnuaireInterneUITests */,
			);
		};
/* End PBXProject section */

/* Begin PBXResourcesBuildPhase section */
		CD70B75E28C2220800184B08 /* Resources */ = {
			isa = PBXResourcesBuildPhase;
			buildActionMask = 2147483647;
			files = (
				CD70B79428C2226100184B08 /* recaptcha.html in Resources */,
				CD70B77028C2220900184B08 /* LaunchScreen.storyboard in Resources */,
				CD70B76D28C2220900184B08 /* Assets.xcassets in Resources */,
				CD7D9FFC28C8AEB700FE7DA4 /* accueil.png in Resources */,
				CD70B76B28C2220800184B08 /* Main.storyboard in Resources */,
			);
			runOnlyForDeploymentPostprocessing = 0;
		};
		CD70B77428C2220900184B08 /* Resources */ = {
			isa = PBXResourcesBuildPhase;
			buildActionMask = 2147483647;
			files = (
			);
			runOnlyForDeploymentPostprocessing = 0;
		};
		CD70B77E28C2220900184B08 /* Resources */ = {
			isa = PBXResourcesBuildPhase;
			buildActionMask = 2147483647;
			files = (
			);
			runOnlyForDeploymentPostprocessing = 0;
		};
/* End PBXResourcesBuildPhase section */

/* Begin PBXSourcesBuildPhase section */
		CD70B75C28C2220800184B08 /* Sources */ = {
			isa = PBXSourcesBuildPhase;
			buildActionMask = 2147483647;
			files = (
				CD70B76828C2220800184B08 /* ViewController.swift in Sources */,
				CD70B76428C2220800184B08 /* AppDelegate.swift in Sources */,
				CD1121B628C614AC002940A6 /* RESTAPIManager.swift in Sources */,
				CD70B79628C2227D00184B08 /* ReCAPTCHAViewModel.swift in Sources */,
				CD70B76628C2220800184B08 /* SceneDelegate.swift in Sources */,
				CD1121B828C61580002940A6 /* SwiftyJSON.swift in Sources */,
				CD70B79828C222A400184B08 /* ReCAPTCHAViewController.swift in Sources */,
			);
			runOnlyForDeploymentPostprocessing = 0;
		};
		CD70B77228C2220900184B08 /* Sources */ = {
			isa = PBXSourcesBuildPhase;
			buildActionMask = 2147483647;
			files = (
				CD70B77B28C2220900184B08 /* AnnnuaireInterneTests.swift in Sources */,
			);
			runOnlyForDeploymentPostprocessing = 0;
		};
		CD70B77C28C2220900184B08 /* Sources */ = {
			isa = PBXSourcesBuildPhase;
			buildActionMask = 2147483647;
			files = (
				CD70B78728C2220900184B08 /* AnnnuaireInterneUITestsLaunchTests.swift in Sources */,
				CD70B78528C2220900184B08 /* AnnnuaireInterneUITests.swift in Sources */,
			);
			runOnlyForDeploymentPostprocessing = 0;
		};
/* End PBXSourcesBuildPhase section */

/* Begin PBXTargetDependency section */
		CD70B77828C2220900184B08 /* PBXTargetDependency */ = {
			isa = PBXTargetDependency;
			target = CD70B75F28C2220800184B08 /* AnnnuaireInterne */;
			targetProxy = CD70B77728C2220900184B08 /* PBXContainerItemProxy */;
		};
		CD70B78228C2220900184B08 /* PBXTargetDependency */ = {
			isa = PBXTargetDependency;
			target = CD70B75F28C2220800184B08 /* AnnnuaireInterne */;
			targetProxy = CD70B78128C2220900184B08 /* PBXContainerItemProxy */;
		};
/* End PBXTargetDependency section */

/* Begin PBXVariantGroup section */
		CD70B76928C2220800184B08 /* Main.storyboard */ = {
			isa = PBXVariantGroup;
			children = (
				CD70B76A28C2220800184B08 /* Base */,
			);
			name = Main.storyboard;
			sourceTree = "<group>";
		};
		CD70B76E28C2220900184B08 /* LaunchScreen.storyboard */ = {
			isa = PBXVariantGroup;
			children = (
				CD70B76F28C2220900184B08 /* Base */,
			);
			name = LaunchScreen.storyboard;
			sourceTree = "<group>";
		};
/* End PBXVariantGroup section */

/* Begin XCBuildConfiguration section */
		CD70B78828C2220900184B08 /* Debug */ = {
			isa = XCBuildConfiguration;
			buildSettings = {
				ALWAYS_SEARCH_USER_PATHS = NO;
				CLANG_ANALYZER_NONNULL = YES;
				CLANG_ANALYZER_NUMBER_OBJECT_CONVERSION = YES_AGGRESSIVE;
				CLANG_CXX_LANGUAGE_STANDARD = "gnu++17";
				CLANG_CXX_LIBRARY = "libc++";
				CLANG_ENABLE_MODULES = YES;
				CLANG_ENABLE_OBJC_ARC = YES;
				CLANG_ENABLE_OBJC_WEAK = YES;
				CLANG_WARN_BLOCK_CAPTURE_AUTORELEASING = YES;
				CLANG_WARN_BOOL_CONVERSION = YES;
				CLANG_WARN_COMMA = YES;
				CLANG_WARN_CONSTANT_CONVERSION = YES;
				CLANG_WARN_DEPRECATED_OBJC_IMPLEMENTATIONS = YES;
				CLANG_WARN_DIRECT_OBJC_ISA_USAGE = YES_ERROR;
				CLANG_WARN_DOCUMENTATION_COMMENTS = YES;
				CLANG_WARN_EMPTY_BODY = YES;
				CLANG_WARN_ENUM_CONVERSION = YES;
				CLANG_WARN_INFINITE_RECURSION = YES;
				CLANG_WARN_INT_CONVERSION = YES;
				CLANG_WARN_NON_LITERAL_NULL_CONVERSION = YES;
				CLANG_WARN_OBJC_IMPLICIT_RETAIN_SELF = YES;
				CLANG_WARN_OBJC_LITERAL_CONVERSION = YES;
				CLANG_WARN_OBJC_ROOT_CLASS = YES_ERROR;
				CLANG_WARN_QUOTED_INCLUDE_IN_FRAMEWORK_HEADER = YES;
				CLANG_WARN_RANGE_LOOP_ANALYSIS = YES;
				CLANG_WARN_STRICT_PROTOTYPES = YES;
				CLANG_WARN_SUSPICIOUS_MOVE = YES;
				CLANG_WARN_UNGUARDED_AVAILABILITY = YES_AGGRESSIVE;
				CLANG_WARN_UNREACHABLE_CODE = YES;
				CLANG_WARN__DUPLICATE_METHOD_MATCH = YES;
				COPY_PHASE_STRIP = NO;
				DEBUG_INFORMATION_FORMAT = dwarf;
				ENABLE_STRICT_OBJC_MSGSEND = YES;
				ENABLE_TESTABILITY = YES;
				GCC_C_LANGUAGE_STANDARD = gnu11;
				GCC_DYNAMIC_NO_PIC = NO;
				GCC_NO_COMMON_BLOCKS = YES;
				GCC_OPTIMIZATION_LEVEL = 0;
				GCC_PREPROCESSOR_DEFINITIONS = (
					"DEBUG=1",
					"$(inherited)",
				);
				GCC_WARN_64_TO_32_BIT_CONVERSION = YES;
				GCC_WARN_ABOUT_RETURN_TYPE = YES_ERROR;
				GCC_WARN_UNDECLARED_SELECTOR = YES;
				GCC_WARN_UNINITIALIZED_AUTOS = YES_AGGRESSIVE;
				GCC_WARN_UNUSED_FUNCTION = YES;
				GCC_WARN_UNUSED_VARIABLE = YES;
				IPHONEOS_DEPLOYMENT_TARGET = 15.2;
				MTL_ENABLE_DEBUG_INFO = INCLUDE_SOURCE;
				MTL_FAST_MATH = YES;
				ONLY_ACTIVE_ARCH = YES;
				SDKROOT = iphoneos;
				SWIFT_ACTIVE_COMPILATION_CONDITIONS = DEBUG;
				SWIFT_OPTIMIZATION_LEVEL = "-Onone";
			};
			name = Debug;
		};
		CD70B78928C2220900184B08 /* Release */ = {
			isa = XCBuildConfiguration;
			buildSettings = {
				ALWAYS_SEARCH_USER_PATHS = NO;
				CLANG_ANALYZER_NONNULL = YES;
				CLANG_ANALYZER_NUMBER_OBJECT_CONVERSION = YES_AGGRESSIVE;
				CLANG_CXX_LANGUAGE_STANDARD = "gnu++17";
				CLANG_CXX_LIBRARY = "libc++";
				CLANG_ENABLE_MODULES = YES;
				CLANG_ENABLE_OBJC_ARC = YES;
				CLANG_ENABLE_OBJC_WEAK = YES;
				CLANG_WARN_BLOCK_CAPTURE_AUTORELEASING = YES;
				CLANG_WARN_BOOL_CONVERSION = YES;
				CLANG_WARN_COMMA = YES;
				CLANG_WARN_CONSTANT_CONVERSION = YES;
				CLANG_WARN_DEPRECATED_OBJC_IMPLEMENTATIONS = YES;
				CLANG_WARN_DIRECT_OBJC_ISA_USAGE = YES_ERROR;
				CLANG_WARN_DOCUMENTATION_COMMENTS = YES;
				CLANG_WARN_EMPTY_BODY = YES;
				CLANG_WARN_ENUM_CONVERSION = YES;
				CLANG_WARN_INFINITE_RECURSION = YES;
				CLANG_WARN_INT_CONVERSION = YES;
				CLANG_WARN_NON_LITERAL_NULL_CONVERSION = YES;
				CLANG_WARN_OBJC_IMPLICIT_RETAIN_SELF = YES;
				CLANG_WARN_OBJC_LITERAL_CONVERSION = YES;
				CLANG_WARN_OBJC_ROOT_CLASS = YES_ERROR;
				CLANG_WARN_QUOTED_INCLUDE_IN_FRAMEWORK_HEADER = YES;
				CLANG_WARN_RANGE_LOOP_ANALYSIS = YES;
				CLANG_WARN_STRICT_PROTOTYPES = YES;
				CLANG_WARN_SUSPICIOUS_MOVE = YES;
				CLANG_WARN_UNGUARDED_AVAILABILITY = YES_AGGRESSIVE;
				CLANG_WARN_UNREACHABLE_CODE = YES;
				CLANG_WARN__DUPLICATE_METHOD_MATCH = YES;
				COPY_PHASE_STRIP = NO;
				DEBUG_INFORMATION_FORMAT = "dwarf-with-dsym";
				ENABLE_NS_ASSERTIONS = NO;
				ENABLE_STRICT_OBJC_MSGSEND = YES;
				GCC_C_LANGUAGE_STANDARD = gnu11;
				GCC_NO_COMMON_BLOCKS = YES;
				GCC_WARN_64_TO_32_BIT_CONVERSION = YES;
				GCC_WARN_ABOUT_RETURN_TYPE = YES_ERROR;
				GCC_WARN_UNDECLARED_SELECTOR = YES;
				GCC_WARN_UNINITIALIZED_AUTOS = YES_AGGRESSIVE;
				GCC_WARN_UNUSED_FUNCTION = YES;
				GCC_WARN_UNUSED_VARIABLE = YES;
				IPHONEOS_DEPLOYMENT_TARGET = 15.2;
				MTL_ENABLE_DEBUG_INFO = NO;
				MTL_FAST_MATH = YES;
				SDKROOT = iphoneos;
				SWIFT_COMPILATION_MODE = wholemodule;
				SWIFT_OPTIMIZATION_LEVEL = "-O";
				VALIDATE_PRODUCT = YES;
			};
			name = Release;
		};
		CD70B78B28C2220900184B08 /* Debug */ = {
			isa = XCBuildConfiguration;
			buildSettings = {
				ASSETCATALOG_COMPILER_APPICON_NAME = AppIcon;
				ASSETCATALOG_COMPILER_GLOBAL_ACCENT_COLOR_NAME = AccentColor;
				CODE_SIGN_STYLE = Automatic;
				CURRENT_PROJECT_VERSION = 1;
				GENERATE_INFOPLIST_FILE = YES;
				INFOPLIST_FILE = AnnnuaireInterne/Info.plist;
				INFOPLIST_KEY_UIApplicationSupportsIndirectInputEvents = YES;
				INFOPLIST_KEY_UILaunchStoryboardName = LaunchScreen;
				INFOPLIST_KEY_UIMainStoryboardFile = Main;
				INFOPLIST_KEY_UISupportedInterfaceOrientations_iPad = "UIInterfaceOrientationPortrait UIInterfaceOrientationPortraitUpsideDown UIInterfaceOrientationLandscapeLeft UIInterfaceOrientationLandscapeRight";
				INFOPLIST_KEY_UISupportedInterfaceOrientations_iPhone = "UIInterfaceOrientationPortrait UIInterfaceOrientationLandscapeLeft UIInterfaceOrientationLandscapeRight";
				LD_RUNPATH_SEARCH_PATHS = (
					"$(inherited)",
					"@executable_path/Frameworks",
				);
				MARKETING_VERSION = 1.0;
				PRODUCT_BUNDLE_IDENTIFIER = oange.AnnnuaireInterne;
				PRODUCT_NAME = "$(TARGET_NAME)";
				SWIFT_EMIT_LOC_STRINGS = YES;
				SWIFT_VERSION = 5.0;
				TARGETED_DEVICE_FAMILY = "1,2";
			};
			name = Debug;
		};
		CD70B78C28C2220900184B08 /* Release */ = {
			isa = XCBuildConfiguration;
			buildSettings = {
				ASSETCATALOG_COMPILER_APPICON_NAME = AppIcon;
				ASSETCATALOG_COMPILER_GLOBAL_ACCENT_COLOR_NAME = AccentColor;
				CODE_SIGN_STYLE = Automatic;
				CURRENT_PROJECT_VERSION = 1;
				GENERATE_INFOPLIST_FILE = YES;
				INFOPLIST_FILE = AnnnuaireInterne/Info.plist;
				INFOPLIST_KEY_UIApplicationSupportsIndirectInputEvents = YES;
				INFOPLIST_KEY_UILaunchStoryboardName = LaunchScreen;
				INFOPLIST_KEY_UIMainStoryboardFile = Main;
				INFOPLIST_KEY_UISupportedInterfaceOrientations_iPad = "UIInterfaceOrientationPortrait UIInterfaceOrientationPortraitUpsideDown UIInterfaceOrientationLandscapeLeft UIInterfaceOrientationLandscapeRight";
				INFOPLIST_KEY_UISupportedInterfaceOrientations_iPhone = "UIInterfaceOrientationPortrait UIInterfaceOrientationLandscapeLeft UIInterfaceOrientationLandscapeRight";
				LD_RUNPATH_SEARCH_PATHS = (
					"$(inherited)",
					"@executable_path/Frameworks",
				);
				MARKETING_VERSION = 1.0;
				PRODUCT_BUNDLE_IDENTIFIER = oange.AnnnuaireInterne;
				PRODUCT_NAME = "$(TARGET_NAME)";
				SWIFT_EMIT_LOC_STRINGS = YES;
				SWIFT_VERSION = 5.0;
				TARGETED_DEVICE_FAMILY = "1,2";
			};
			name = Release;
		};
		CD70B78E28C2220900184B08 /* Debug */ = {
			isa = XCBuildConfiguration;
			buildSettings = {
				ALWAYS_EMBED_SWIFT_STANDARD_LIBRARIES = YES;
				BUNDLE_LOADER = "$(TEST_HOST)";
				CODE_SIGN_STYLE = Automatic;
				CURRENT_PROJECT_VERSION = 1;
				GENERATE_INFOPLIST_FILE = YES;
				IPHONEOS_DEPLOYMENT_TARGET = 15.2;
				MARKETING_VERSION = 1.0;
				PRODUCT_BUNDLE_IDENTIFIER = oange.AnnnuaireInterneTests;
				PRODUCT_NAME = "$(TARGET_NAME)";
				SWIFT_EMIT_LOC_STRINGS = NO;
				SWIFT_VERSION = 5.0;
				TARGETED_DEVICE_FAMILY = "1,2";
				TEST_HOST = "$(BUILT_PRODUCTS_DIR)/AnnnuaireInterne.app/AnnnuaireInterne";
			};
			name = Debug;
		};
		CD70B78F28C2220900184B08 /* Release */ = {
			isa = XCBuildConfiguration;
			buildSettings = {
				ALWAYS_EMBED_SWIFT_STANDARD_LIBRARIES = YES;
				BUNDLE_LOADER = "$(TEST_HOST)";
				CODE_SIGN_STYLE = Automatic;
				CURRENT_PROJECT_VERSION = 1;
				GENERATE_INFOPLIST_FILE = YES;
				IPHONEOS_DEPLOYMENT_TARGET = 15.2;
				MARKETING_VERSION = 1.0;
				PRODUCT_BUNDLE_IDENTIFIER = oange.AnnnuaireInterneTests;
				PRODUCT_NAME = "$(TARGET_NAME)";
				SWIFT_EMIT_LOC_STRINGS = NO;
				SWIFT_VERSION = 5.0;
				TARGETED_DEVICE_FAMILY = "1,2";
				TEST_HOST = "$(BUILT_PRODUCTS_DIR)/AnnnuaireInterne.app/AnnnuaireInterne";
			};
			name = Release;
		};
		CD70B79128C2220900184B08 /* Debug */ = {
			isa = XCBuildConfiguration;
			buildSettings = {
				ALWAYS_EMBED_SWIFT_STANDARD_LIBRARIES = YES;
				CODE_SIGN_STYLE = Automatic;
				CURRENT_PROJECT_VERSION = 1;
				GENERATE_INFOPLIST_FILE = YES;
				MARKETING_VERSION = 1.0;
				PRODUCT_BUNDLE_IDENTIFIER = oange.AnnnuaireInterneUITests;
				PRODUCT_NAME = "$(TARGET_NAME)";
				SWIFT_EMIT_LOC_STRINGS = NO;
				SWIFT_VERSION = 5.0;
				TARGETED_DEVICE_FAMILY = "1,2";
				TEST_TARGET_NAME = AnnnuaireInterne;
			};
			name = Debug;
		};
		CD70B79228C2220900184B08 /* Release */ = {
			isa = XCBuildConfiguration;
			buildSettings = {
				ALWAYS_EMBED_SWIFT_STANDARD_LIBRARIES = YES;
				CODE_SIGN_STYLE = Automatic;
				CURRENT_PROJECT_VERSION = 1;
				GENERATE_INFOPLIST_FILE = YES;
				MARKETING_VERSION = 1.0;
				PRODUCT_BUNDLE_IDENTIFIER = oange.AnnnuaireInterneUITests;
				PRODUCT_NAME = "$(TARGET_NAME)";
				SWIFT_EMIT_LOC_STRINGS = NO;
				SWIFT_VERSION = 5.0;
				TARGETED_DEVICE_FAMILY = "1,2";
				TEST_TARGET_NAME = AnnnuaireInterne;
			};
			name = Release;
		};
/* End XCBuildConfiguration section */

/* Begin XCConfigurationList section */
		CD70B75B28C2220800184B08 /* Build configuration list for PBXProject "AnnnuaireInterne" */ = {
			isa = XCConfigurationList;
			buildConfigurations = (
				CD70B78828C2220900184B08 /* Debug */,
				CD70B78928C2220900184B08 /* Release */,
			);
			defaultConfigurationIsVisible = 0;
			defaultConfigurationName = Release;
		};
		CD70B78A28C2220900184B08 /* Build configuration list for PBXNativeTarget "AnnnuaireInterne" */ = {
			isa = XCConfigurationList;
			buildConfigurations = (
				CD70B78B28C2220900184B08 /* Debug */,
				CD70B78C28C2220900184B08 /* Release */,
			);
			defaultConfigurationIsVisible = 0;
			defaultConfigurationName = Release;
		};
		CD70B78D28C2220900184B08 /* Build configuration list for PBXNativeTarget "AnnnuaireInterneTests" */ = {
			isa = XCConfigurationList;
			buildConfigurations = (
				CD70B78E28C2220900184B08 /* Debug */,
				CD70B78F28C2220900184B08 /* Release */,
			);
			defaultConfigurationIsVisible = 0;
			defaultConfigurationName = Release;
		};
		CD70B79028C2220900184B08 /* Build configuration list for PBXNativeTarget "AnnnuaireInterneUITests" */ = {
			isa = XCConfigurationList;
			buildConfigurations = (
				CD70B79128C2220900184B08 /* Debug */,
				CD70B79228C2220900184B08 /* Release */,
			);
			defaultConfigurationIsVisible = 0;
			defaultConfigurationName = Release;
		};
/* End XCConfigurationList section */
	};
	rootObject = CD70B75828C2220800184B08 /* Project object */;
}
